{
  "name": "Frontend",
  "lockfileVersion": 2,
  "requires": true,
  "packages": {
    "": {
      "dependencies": {
        "wretch": "^2.4.1"
      }
    },
    "node_modules/wretch": {
      "version": "2.4.1",
      "resolved": "https://registry.npmjs.org/wretch/-/wretch-2.4.1.tgz",
      "integrity": "sha512-jHJFJ968p/JNVrTZ+gJ1vZekk+3EkDsYHwamHLR+xMKur9vBv8lhBe2+XENbXQtygdO0JGtjRJeKc9xiuwW6lQ==",
      "engines": {
        "node": ">=14"
      }
    }
  },
  "dependencies": {
    "wretch": {
      "version": "2.4.1",
      "resolved": "https://registry.npmjs.org/wretch/-/wretch-2.4.1.tgz",
      "integrity": "sha512-jHJFJ968p/JNVrTZ+gJ1vZekk+3EkDsYHwamHLR+xMKur9vBv8lhBe2+XENbXQtygdO0JGtjRJeKc9xiuwW6lQ=="
    }
  }
}
